
Microsoft Visual Studio Solution File, Format Version 12.00
# Visual Studio Version 16
VisualStudioVersion = 16.0.31402.337
MinimumVisualStudioVersion = 10.0.40219.1
Project("{FAE04EC0-301F-11D3-BF4B-00C04F79EFBC}") = "Scaffolding2", "Scaffolding2\Scaffolding2.csproj", "{CD64F93A-A8D6-4F58-ACBE-850A5E7C9DCD}"
EndProject
Global
	GlobalSection(SolutionConfigurationPlatforms) = preSolution
		Debug|Any CPU = Debug|Any CPU
		Release|Any CPU = Release|Any CPU
	EndGlobalSection
	GlobalSection(ProjectConfigurationPlatforms) = postSolution
		{CD64F93A-A8D6-4F58-ACBE-850A5E7C9DCD}.Debug|Any CPU.ActiveCfg = Debug|Any CPU
		{CD64F93A-A8D6-4F58-ACBE-850A5E7C9DCD}.Debug|Any CPU.Build.0 = Debug|Any CPU
		{CD64F93A-A8D6-4F58-ACBE-850A5E7C9DCD}.Release|Any CPU.ActiveCfg = Release|Any CPU
		{CD64F93A-A8D6-4F58-ACBE-850A5E7C9DCD}.Release|Any CPU.Build.0 = Release|Any CPU
	EndGlobalSection
	GlobalSection(SolutionProperties) = preSolution
		HideSolutionNode = FALSE
	EndGlobalSection
	GlobalSection(ExtensibilityGlobals) = postSolution
		SolutionGuid = {9CD34B0C-5141-48AA-94A3-EE5304258A15}
	EndGlobalSection
EndGlobal
